[root]
name = "luck"
version = "0.0.1"
dependencies = [
 "clippy 0.0.42 (registry+https://github.com/rust-lang/crates.io-index)",
 "luck_core 0.1.0",
 "luck_ecs 0.1.0",
 "luck_math 0.1.0",
]

[[package]]
name = "clippy"
version = "0.0.42"
source = "registry+https://github.com/rust-lang/crates.io-index"
dependencies = [
 "regex-syntax 0.2.3 (registry+https://github.com/rust-lang/crates.io-index)",
 "semver 0.2.3 (registry+https://github.com/rust-lang/crates.io-index)",
 "unicode-normalization 0.1.2 (registry+https://github.com/rust-lang/crates.io-index)",
]

[[package]]
name = "luck_core"
version = "0.1.0"

[[package]]
name = "luck_ecs"
version = "0.1.0"
dependencies = [
 "clippy 0.0.42 (registry+https://github.com/rust-lang/crates.io-index)",
]

[[package]]
name = "luck_math"
version = "0.1.0"

[[package]]
name = "nom"
version = "1.2.0"
source = "registry+https://github.com/rust-lang/crates.io-index"

[[package]]
name = "regex-syntax"
version = "0.2.3"
source = "registry+https://github.com/rust-lang/crates.io-index"

[[package]]
name = "semver"
version = "0.2.3"
source = "registry+https://github.com/rust-lang/crates.io-index"
dependencies = [
 "nom 1.2.0 (registry+https://github.com/rust-lang/crates.io-index)",
]

[[package]]
name = "unicode-normalization"
version = "0.1.2"
source = "registry+https://github.com/rust-lang/crates.io-index"

